
Microsoft Visual Studio Solution File, Format Version 12.00
# Visual Studio Version 17
VisualStudioVersion = 17.5.33627.172
MinimumVisualStudioVersion = 10.0.40219.1
Project("{FAE04EC0-301F-11D3-BF4B-00C04F79EFBC}") = "Quiet_AtticFilms", "Quiet_AtticFilms\Quiet_AtticFilms.csproj", "{B8EADF92-AD6D-4101-8B3F-10E7D3C265F1}"
EndProject
Global
	GlobalSection(SolutionConfigurationPlatforms) = preSolution
		Debug|Any CPU = Debug|Any CPU
		Release|Any CPU = Release|Any CPU
	EndGlobalSection
	GlobalSection(ProjectConfigurationPlatforms) = postSolution
		{B8EADF92-AD6D-4101-8B3F-10E7D3C265F1}.Debug|Any CPU.ActiveCfg = Debug|Any CPU
		{B8EADF92-AD6D-4101-8B3F-10E7D3C265F1}.Debug|Any CPU.Build.0 = Debug|Any CPU
		{B8EADF92-AD6D-4101-8B3F-10E7D3C265F1}.Release|Any CPU.ActiveCfg = Release|Any CPU
		{B8EADF92-AD6D-4101-8B3F-10E7D3C265F1}.Release|Any CPU.Build.0 = Release|Any CPU
	EndGlobalSection
	GlobalSection(SolutionProperties) = preSolution
		HideSolutionNode = FALSE
	EndGlobalSection
	GlobalSection(ExtensibilityGlobals) = postSolution
		SolutionGuid = {CE4F00CA-CD84-44A9-83AA-E4025A69E560}
	EndGlobalSection
EndGlobal
